// !$*UTF8*$!
{
	archiveVersion = 1;
	classes = {
	};
	objectVersion = 56;
	objects = {

/* Begin PBXBuildFile section */
		674737ED2B29759C00282C9B /* FollowerListVC.swift in Sources */ = {isa = PBXBuildFile; fileRef = 674737EC2B29759C00282C9B /* FollowerListVC.swift */; };
		67EF2F1A2B24DCB700C17F56 /* GHFollowerSwiftUIApp.swift in Sources */ = {isa = PBXBuildFile; fileRef = 67EF2F192B24DCB700C17F56 /* GHFollowerSwiftUIApp.swift */; };
		67EF2F1C2B24DCB700C17F56 /* ContentView.swift in Sources */ = {isa = PBXBuildFile; fileRef = 67EF2F1B2B24DCB700C17F56 /* ContentView.swift */; };
		67EF2F1E2B24DCB900C17F56 /* Assets.xcassets in Resources */ = {isa = PBXBuildFile; fileRef = 67EF2F1D2B24DCB900C17F56 /* Assets.xcassets */; };
		67EF2F212B24DCB900C17F56 /* Preview Assets.xcassets in Resources */ = {isa = PBXBuildFile; fileRef = 67EF2F202B24DCB900C17F56 /* Preview Assets.xcassets */; };
		67EF2F282B24F17A00C17F56 /* SearchVC.swift in Sources */ = {isa = PBXBuildFile; fileRef = 67EF2F272B24F17A00C17F56 /* SearchVC.swift */; };
		67EF2F2A2B24F1DB00C17F56 /* FavoritesListVC.swift in Sources */ = {isa = PBXBuildFile; fileRef = 67EF2F292B24F1DB00C17F56 /* FavoritesListVC.swift */; };
		67EF2F2C2B255C1E00C17F56 /* GFButton.swift in Sources */ = {isa = PBXBuildFile; fileRef = 67EF2F2B2B255C1E00C17F56 /* GFButton.swift */; };
		67EF2F2E2B258DED00C17F56 /* GFTextField.swift in Sources */ = {isa = PBXBuildFile; fileRef = 67EF2F2D2B258DED00C17F56 /* GFTextField.swift */; };
/* End PBXBuildFile section */

/* Begin PBXFileReference section */
		674737EC2B29759C00282C9B /* FollowerListVC.swift */ = {isa = PBXFileReference; lastKnownFileType = sourcecode.swift; path = FollowerListVC.swift; sourceTree = "<group>"; };
		67EF2F162B24DCB700C17F56 /* GHFollowerSwiftUI.app */ = {isa = PBXFileReference; explicitFileType = wrapper.application; includeInIndex = 0; path = GHFollowerSwiftUI.app; sourceTree = BUILT_PRODUCTS_DIR; };
		67EF2F192B24DCB700C17F56 /* GHFollowerSwiftUIApp.swift */ = {isa = PBXFileReference; lastKnownFileType = sourcecode.swift; path = GHFollowerSwiftUIApp.swift; sourceTree = "<group>"; };
		67EF2F1B2B24DCB700C17F56 /* ContentView.swift */ = {isa = PBXFileReference; lastKnownFileType = sourcecode.swift; path = ContentView.swift; sourceTree = "<group>"; };
		67EF2F1D2B24DCB900C17F56 /* Assets.xcassets */ = {isa = PBXFileReference; lastKnownFileType = folder.assetcatalog; path = Assets.xcassets; sourceTree = "<group>"; };
		67EF2F202B24DCB900C17F56 /* Preview Assets.xcassets */ = {isa = PBXFileReference; lastKnownFileType = folder.assetcatalog; path = "Preview Assets.xcassets"; sourceTree = "<group>"; };
		67EF2F272B24F17A00C17F56 /* SearchVC.swift */ = {isa = PBXFileReference; lastKnownFileType = sourcecode.swift; path = SearchVC.swift; sourceTree = "<group>"; };
		67EF2F292B24F1DB00C17F56 /* FavoritesListVC.swift */ = {isa = PBXFileReference; lastKnownFileType = sourcecode.swift; path = FavoritesListVC.swift; sourceTree = "<group>"; };
		67EF2F2B2B255C1E00C17F56 /* GFButton.swift */ = {isa = PBXFileReference; lastKnownFileType = sourcecode.swift; path = GFButton.swift; sourceTree = "<group>"; };
		67EF2F2D2B258DED00C17F56 /* GFTextField.swift */ = {isa = PBXFileReference; lastKnownFileType = sourcecode.swift; path = GFTextField.swift; sourceTree = "<group>"; };
/* End PBXFileReference section */

/* Begin PBXFrameworksBuildPhase section */
		67EF2F132B24DCB700C17F56 /* Frameworks */ = {
			isa = PBXFrameworksBuildPhase;
			buildActionMask = 2147483647;
			files = (
			);
			runOnlyForDeploymentPostprocessing = 0;
		};
/* End PBXFrameworksBuildPhase section */

/* Begin PBXGroup section */
		67EF2F0D2B24DCB700C17F56 = {
			isa = PBXGroup;
			children = (
				67EF2F182B24DCB700C17F56 /* GHFollowerSwiftUI */,
				67EF2F172B24DCB700C17F56 /* Products */,
			);
			sourceTree = "<group>";
		};
		67EF2F172B24DCB700C17F56 /* Products */ = {
			isa = PBXGroup;
			children = (
				67EF2F162B24DCB700C17F56 /* GHFollowerSwiftUI.app */,
			);
			name = Products;
			sourceTree = "<group>";
		};
		67EF2F182B24DCB700C17F56 /* GHFollowerSwiftUI */ = {
			isa = PBXGroup;
			children = (
				674737EC2B29759C00282C9B /* FollowerListVC.swift */,
				67EF2F192B24DCB700C17F56 /* GHFollowerSwiftUIApp.swift */,
				67EF2F1B2B24DCB700C17F56 /* ContentView.swift */,
				67EF2F2B2B255C1E00C17F56 /* GFButton.swift */,
				67EF2F2D2B258DED00C17F56 /* GFTextField.swift */,
				67EF2F272B24F17A00C17F56 /* SearchVC.swift */,
				67EF2F292B24F1DB00C17F56 /* FavoritesListVC.swift */,
				67EF2F1D2B24DCB900C17F56 /* Assets.xcassets */,
				67EF2F1F2B24DCB900C17F56 /* Preview Content */,
			);
			path = GHFollowerSwiftUI;
			sourceTree = "<group>";
		};
		67EF2F1F2B24DCB900C17F56 /* Preview Content */ = {
			isa = PBXGroup;
			children = (
				67EF2F202B24DCB900C17F56 /* Preview Assets.xcassets */,
			);
			path = "Preview Content";
			sourceTree = "<group>";
		};
/* End PBXGroup section */

/* Begin PBXNativeTarget section */
		67EF2F152B24DCB700C17F56 /* GHFollowerSwiftUI */ = {
			isa = PBXNativeTarget;
			buildConfigurationList = 67EF2F242B24DCB900C17F56 /* Build configuration list for PBXNativeTarget "GHFollowerSwiftUI" */;
			buildPhases = (
				67EF2F122B24DCB700C17F56 /* Sources */,
				67EF2F132B24DCB700C17F56 /* Frameworks */,
				67EF2F142B24DCB700C17F56 /* Resources */,
			);
			buildRules = (
			);
			dependencies = (
			);
			name = GHFollowerSwiftUI;
			productName = GHFollowerSwiftUI;
			productReference = 67EF2F162B24DCB700C17F56 /* GHFollowerSwiftUI.app */;
			productType = "com.apple.product-type.application";
		};
/* End PBXNativeTarget section */

/* Begin PBXProject section */
		67EF2F0E2B24DCB700C17F56 /* Project object */ = {
			isa = PBXProject;
			attributes = {
				BuildIndependentTargetsInParallel = 1;
				LastSwiftUpdateCheck = 1500;
				LastUpgradeCheck = 1500;
				TargetAttributes = {
					67EF2F152B24DCB700C17F56 = {
						CreatedOnToolsVersion = 15.0.1;
					};
				};
			};
			buildConfigurationList = 67EF2F112B24DCB700C17F56 /* Build configuration list for PBXProject "GHFollowerSwiftUI" */;
			compatibilityVersion = "Xcode 14.0";
			developmentRegion = en;
			hasScannedForEncodings = 0;
			knownRegions = (
				en,
				Base,
			);
			mainGroup = 67EF2F0D2B24DCB700C17F56;
			productRefGroup = 67EF2F172B24DCB700C17F56 /* Products */;
			projectDirPath = "";
			projectRoot = "";
			targets = (
				67EF2F152B24DCB700C17F56 /* GHFollowerSwiftUI */,
			);
		};
/* End PBXProject section */

/* Begin PBXResourcesBuildPhase section */
		67EF2F142B24DCB700C17F56 /* Resources */ = {
			isa = PBXResourcesBuildPhase;
			buildActionMask = 2147483647;
			files = (
				67EF2F212B24DCB900C17F56 /* Preview Assets.xcassets in Resources */,
				67EF2F1E2B24DCB900C17F56 /* Assets.xcassets in Resources */,
			);
			runOnlyForDeploymentPostprocessing = 0;
		};
/* End PBXResourcesBuildPhase section */

/* Begin PBXSourcesBuildPhase section */
		67EF2F122B24DCB700C17F56 /* Sources */ = {
			isa = PBXSourcesBuildPhase;
			buildActionMask = 2147483647;
			files = (
				67EF2F2E2B258DED00C17F56 /* GFTextField.swift in Sources */,
				67EF2F1C2B24DCB700C17F56 /* ContentView.swift in Sources */,
				67EF2F2C2B255C1E00C17F56 /* GFButton.swift in Sources */,
				67EF2F1A2B24DCB700C17F56 /* GHFollowerSwiftUIApp.swift in Sources */,
				674737ED2B29759C00282C9B /* FollowerListVC.swift in Sources */,
				67EF2F2A2B24F1DB00C17F56 /* FavoritesListVC.swift in Sources */,
				67EF2F282B24F17A00C17F56 /* SearchVC.swift in Sources */,
			);
			runOnlyForDeploymentPostprocessing = 0;
		};
/* End PBXSourcesBuildPhase section */

/* Begin XCBuildConfiguration section */
		67EF2F222B24DCB900C17F56 /* Debug */ = {
			isa = XCBuildConfiguration;
			buildSettings = {
				ALWAYS_SEARCH_USER_PATHS = NO;
				ASSETCATALOG_COMPILER_GENERATE_SWIFT_ASSET_SYMBOL_EXTENSIONS = YES;
				CLANG_ANALYZER_NONNULL = YES;
				CLANG_ANALYZER_NUMBER_OBJECT_CONVERSION = YES_AGGRESSIVE;
				CLANG_CXX_LANGUAGE_STANDARD = "gnu++20";
				CLANG_ENABLE_MODULES = YES;
				CLANG_ENABLE_OBJC_ARC = YES;
				CLANG_ENABLE_OBJC_WEAK = YES;
				CLANG_WARN_BLOCK_CAPTURE_AUTORELEASING = YES;
				CLANG_WARN_BOOL_CONVERSION = YES;
				CLANG_WARN_COMMA = YES;
				CLANG_WARN_CONSTANT_CONVERSION = YES;
				CLANG_WARN_DEPRECATED_OBJC_IMPLEMENTATIONS = YES;
				CLANG_WARN_DIRECT_OBJC_ISA_USAGE = YES_ERROR;
				CLANG_WARN_DOCUMENTATION_COMMENTS = YES;
				CLANG_WARN_EMPTY_BODY = YES;
				CLANG_WARN_ENUM_CONVERSION = YES;
				CLANG_WARN_INFINITE_RECURSION = YES;
				CLANG_WARN_INT_CONVERSION = YES;
				CLANG_WARN_NON_LITERAL_NULL_CONVERSION = YES;
				CLANG_WARN_OBJC_IMPLICIT_RETAIN_SELF = YES;
				CLANG_WARN_OBJC_LITERAL_CONVERSION = YES;
				CLANG_WARN_OBJC_ROOT_CLASS = YES_ERROR;
				CLANG_WARN_QUOTED_INCLUDE_IN_FRAMEWORK_HEADER = YES;
				CLANG_WARN_RANGE_LOOP_ANALYSIS = YES;
				CLANG_WARN_STRICT_PROTOTYPES = YES;
				CLANG_WARN_SUSPICIOUS_MOVE = YES;
				CLANG_WARN_UNGUARDED_AVAILABILITY = YES_AGGRESSIVE;
				CLANG_WARN_UNREACHABLE_CODE = YES;
				CLANG_WARN__DUPLICATE_METHOD_MATCH = YES;
				COPY_PHASE_STRIP = NO;
				DEBUG_INFORMATION_FORMAT = dwarf;
				ENABLE_STRICT_OBJC_MSGSEND = YES;
				ENABLE_TESTABILITY = YES;
				ENABLE_USER_SCRIPT_SANDBOXING = YES;
				GCC_C_LANGUAGE_STANDARD = gnu17;
				GCC_DYNAMIC_NO_PIC = NO;
				GCC_NO_COMMON_BLOCKS = YES;
				GCC_OPTIMIZATION_LEVEL = 0;
				GCC_PREPROCESSOR_DEFINITIONS = (
					"DEBUG=1",
					"$(inherited)",
				);
				GCC_WARN_64_TO_32_BIT_CONVERSION = YES;
				GCC_WARN_ABOUT_RETURN_TYPE = YES_ERROR;
				GCC_WARN_UNDECLARED_SELECTOR = YES;
				GCC_WARN_UNINITIALIZED_AUTOS = YES_AGGRESSIVE;
				GCC_WARN_UNUSED_FUNCTION = YES;
				GCC_WARN_UNUSED_VARIABLE = YES;
				IPHONEOS_DEPLOYMENT_TARGET = 17.0;
				LOCALIZATION_PREFERS_STRING_CATALOGS = YES;
				MTL_ENABLE_DEBUG_INFO = INCLUDE_SOURCE;
				MTL_FAST_MATH = YES;
				ONLY_ACTIVE_ARCH = YES;
				SDKROOT = iphoneos;
				SWIFT_ACTIVE_COMPILATION_CONDITIONS = "DEBUG $(inherited)";
				SWIFT_OPTIMIZATION_LEVEL = "-Onone";
			};
			name = Debug;
		};
		67EF2F232B24DCB900C17F56 /* Release */ = {
			isa = XCBuildConfiguration;
			buildSettings = {
				ALWAYS_SEARCH_USER_PATHS = NO;
				ASSETCATALOG_COMPILER_GENERATE_SWIFT_ASSET_SYMBOL_EXTENSIONS = YES;
				CLANG_ANALYZER_NONNULL = YES;
				CLANG_ANALYZER_NUMBER_OBJECT_CONVERSION = YES_AGGRESSIVE;
				CLANG_CXX_LANGUAGE_STANDARD = "gnu++20";
				CLANG_ENABLE_MODULES = YES;
				CLANG_ENABLE_OBJC_ARC = YES;
				CLANG_ENABLE_OBJC_WEAK = YES;
				CLANG_WARN_BLOCK_CAPTURE_AUTORELEASING = YES;
				CLANG_WARN_BOOL_CONVERSION = YES;
				CLANG_WARN_COMMA = YES;
				CLANG_WARN_CONSTANT_CONVERSION = YES;
				CLANG_WARN_DEPRECATED_OBJC_IMPLEMENTATIONS = YES;
				CLANG_WARN_DIRECT_OBJC_ISA_USAGE = YES_ERROR;
				CLANG_WARN_DOCUMENTATION_COMMENTS = YES;
				CLANG_WARN_EMPTY_BODY = YES;
				CLANG_WARN_ENUM_CONVERSION = YES;
				CLANG_WARN_INFINITE_RECURSION = YES;
				CLANG_WARN_INT_CONVERSION = YES;
				CLANG_WARN_NON_LITERAL_NULL_CONVERSION = YES;
				CLANG_WARN_OBJC_IMPLICIT_RETAIN_SELF = YES;
				CLANG_WARN_OBJC_LITERAL_CONVERSION = YES;
				CLANG_WARN_OBJC_ROOT_CLASS = YES_ERROR;
				CLANG_WARN_QUOTED_INCLUDE_IN_FRAMEWORK_HEADER = YES;
				CLANG_WARN_RANGE_LOOP_ANALYSIS = YES;
				CLANG_WARN_STRICT_PROTOTYPES = YES;
				CLANG_WARN_SUSPICIOUS_MOVE = YES;
				CLANG_WARN_UNGUARDED_AVAILABILITY = YES_AGGRESSIVE;
				CLANG_WARN_UNREACHABLE_CODE = YES;
				CLANG_WARN__DUPLICATE_METHOD_MATCH = YES;
				COPY_PHASE_STRIP = NO;
				DEBUG_INFORMATION_FORMAT = "dwarf-with-dsym";
				ENABLE_NS_ASSERTIONS = NO;
				ENABLE_STRICT_OBJC_MSGSEND = YES;
				ENABLE_USER_SCRIPT_SANDBOXING = YES;
				GCC_C_LANGUAGE_STANDARD = gnu17;
				GCC_NO_COMMON_BLOCKS = YES;
				GCC_WARN_64_TO_32_BIT_CONVERSION = YES;
				GCC_WARN_ABOUT_RETURN_TYPE = YES_ERROR;
				GCC_WARN_UNDECLARED_SELECTOR = YES;
				GCC_WARN_UNINITIALIZED_AUTOS = YES_AGGRESSIVE;
				GCC_WARN_UNUSED_FUNCTION = YES;
				GCC_WARN_UNUSED_VARIABLE = YES;
				IPHONEOS_DEPLOYMENT_TARGET = 17.0;
				LOCALIZATION_PREFERS_STRING_CATALOGS = YES;
				MTL_ENABLE_DEBUG_INFO = NO;
				MTL_FAST_MATH = YES;
				SDKROOT = iphoneos;
				SWIFT_COMPILATION_MODE = wholemodule;
				VALIDATE_PRODUCT = YES;
			};
			name = Release;
		};
		67EF2F252B24DCB900C17F56 /* Debug */ = {
			isa = XCBuildConfiguration;
			buildSettings = {
				ASSETCATALOG_COMPILER_APPICON_NAME = AppIcon;
				ASSETCATALOG_COMPILER_GLOBAL_ACCENT_COLOR_NAME = AccentColor;
				CODE_SIGN_STYLE = Automatic;
				CURRENT_PROJECT_VERSION = 1;
				DEVELOPMENT_ASSET_PATHS = "\"GHFollowerSwiftUI/Preview Content\"";
				DEVELOPMENT_TEAM = 6TFQBUSASP;
				ENABLE_PREVIEWS = YES;
				GENERATE_INFOPLIST_FILE = YES;
				INFOPLIST_KEY_UIApplicationSceneManifest_Generation = YES;
				INFOPLIST_KEY_UIApplicationSupportsIndirectInputEvents = YES;
				INFOPLIST_KEY_UILaunchScreen_Generation = YES;
				INFOPLIST_KEY_UISupportedInterfaceOrientations = UIInterfaceOrientationPortrait;
				LD_RUNPATH_SEARCH_PATHS = (
					"$(inherited)",
					"@executable_path/Frameworks",
				);
				MARKETING_VERSION = 1.0;
				PRODUCT_BUNDLE_IDENTIFIER = com.Liyuan.GHFollowerSwiftUI;
				PRODUCT_NAME = "$(TARGET_NAME)";
				SWIFT_EMIT_LOC_STRINGS = YES;
				SWIFT_VERSION = 5.0;
				TARGETED_DEVICE_FAMILY = "1,2";
			};
			name = Debug;
		};
		67EF2F262B24DCB900C17F56 /* Release */ = {
			isa = XCBuildConfiguration;
			buildSettings = {
				ASSETCATALOG_COMPILER_APPICON_NAME = AppIcon;
				ASSETCATALOG_COMPILER_GLOBAL_ACCENT_COLOR_NAME = AccentColor;
				CODE_SIGN_STYLE = Automatic;
				CURRENT_PROJECT_VERSION = 1;
				DEVELOPMENT_ASSET_PATHS = "\"GHFollowerSwiftUI/Preview Content\"";
				DEVELOPMENT_TEAM = 6TFQBUSASP;
				ENABLE_PREVIEWS = YES;
				GENERATE_INFOPLIST_FILE = YES;
				INFOPLIST_KEY_UIApplicationSceneManifest_Generation = YES;
				INFOPLIST_KEY_UIApplicationSupportsIndirectInputEvents = YES;
				INFOPLIST_KEY_UILaunchScreen_Generation = YES;
				INFOPLIST_KEY_UISupportedInterfaceOrientations = UIInterfaceOrientationPortrait;
				LD_RUNPATH_SEARCH_PATHS = (
					"$(inherited)",
					"@executable_path/Frameworks",
				);
				MARKETING_VERSION = 1.0;
				PRODUCT_BUNDLE_IDENTIFIER = com.Liyuan.GHFollowerSwiftUI;
				PRODUCT_NAME = "$(TARGET_NAME)";
				SWIFT_EMIT_LOC_STRINGS = YES;
				SWIFT_VERSION = 5.0;
				TARGETED_DEVICE_FAMILY = "1,2";
			};
			name = Release;
		};
/* End XCBuildConfiguration section */

/* Begin XCConfigurationList section */
		67EF2F112B24DCB700C17F56 /* Build configuration list for PBXProject "GHFollowerSwiftUI" */ = {
			isa = XCConfigurationList;
			buildConfigurations = (
				67EF2F222B24DCB900C17F56 /* Debug */,
				67EF2F232B24DCB900C17F56 /* Release */,
			);
			defaultConfigurationIsVisible = 0;
			defaultConfigurationName = Release;
		};
		67EF2F242B24DCB900C17F56 /* Build configuration list for PBXNativeTarget "GHFollowerSwiftUI" */ = {
			isa = XCConfigurationList;
			buildConfigurations = (
				67EF2F252B24DCB900C17F56 /* Debug */,
				67EF2F262B24DCB900C17F56 /* Release */,
			);
			defaultConfigurationIsVisible = 0;
			defaultConfigurationName = Release;
		};
/* End XCConfigurationList section */
	};
	rootObject = 67EF2F0E2B24DCB700C17F56 /* Project object */;
}
